
Microsoft Visual Studio Solution File, Format Version 12.00
Project("{FAE04EC0-301F-11D3-BF4B-00C04F79EFBC}") = "BlazorWebApp", "src\BlazorWebApp\BlazorWebApp.csproj", "{75B75ABE-D843-4EDE-A001-647471688FDC}"
EndProject
Project("{2150E333-8FDC-42A3-9474-1A3956D46DE8}") = "src", "src", "{2412B635-3390-4040-8BD3-100C893A98EB}"
EndProject
Project("{2150E333-8FDC-42A3-9474-1A3956D46DE8}") = "tests", "tests", "{EADFFA21-3792-4382-99AA-35A9B45054C3}"
EndProject
Project("{FAE04EC0-301F-11D3-BF4B-00C04F79EFBC}") = "TestContainersPackage", "tests\TestContainersPackage\TestContainersPackage.csproj", "{201F6748-AFBC-4694-9247-C8A634E64FB8}"
EndProject
Project("{2150E333-8FDC-42A3-9474-1A3956D46DE8}") = "gRPC", "gRPC", "{35AFF2FB-4C41-4BE3-BAEB-65E7C4C8D0A6}"
EndProject
Project("{FAE04EC0-301F-11D3-BF4B-00C04F79EFBC}") = "gRPC.AirServer", "src\gRPC.AirServer\gRPC.AirServer.csproj", "{2FB540D3-39F2-49E1-A501-CBCB5BB6203C}"
EndProject
Project("{FAE04EC0-301F-11D3-BF4B-00C04F79EFBC}") = "gRPC.AirStation", "src\gRPC.AirStation\gRPC.AirStation.csproj", "{D9C58ADB-61AD-489D-B490-0DDA642F3716}"
EndProject
Project("{FAE04EC0-301F-11D3-BF4B-00C04F79EFBC}") = "gRPC.AirClient", "src\gRPC.AirClient\gRPC.AirClient.csproj", "{6DA506B0-BC48-46FF-8A22-27D6EC1DD1D2}"
EndProject
Global
	GlobalSection(SolutionConfigurationPlatforms) = preSolution
		Debug|Any CPU = Debug|Any CPU
		Release|Any CPU = Release|Any CPU
	EndGlobalSection
	GlobalSection(ProjectConfigurationPlatforms) = postSolution
		{75B75ABE-D843-4EDE-A001-647471688FDC}.Debug|Any CPU.ActiveCfg = Debug|Any CPU
		{75B75ABE-D843-4EDE-A001-647471688FDC}.Debug|Any CPU.Build.0 = Debug|Any CPU
		{75B75ABE-D843-4EDE-A001-647471688FDC}.Release|Any CPU.ActiveCfg = Release|Any CPU
		{75B75ABE-D843-4EDE-A001-647471688FDC}.Release|Any CPU.Build.0 = Release|Any CPU
		{201F6748-AFBC-4694-9247-C8A634E64FB8}.Debug|Any CPU.ActiveCfg = Debug|Any CPU
		{201F6748-AFBC-4694-9247-C8A634E64FB8}.Debug|Any CPU.Build.0 = Debug|Any CPU
		{201F6748-AFBC-4694-9247-C8A634E64FB8}.Release|Any CPU.ActiveCfg = Release|Any CPU
		{201F6748-AFBC-4694-9247-C8A634E64FB8}.Release|Any CPU.Build.0 = Release|Any CPU
		{2FB540D3-39F2-49E1-A501-CBCB5BB6203C}.Debug|Any CPU.ActiveCfg = Debug|Any CPU
		{2FB540D3-39F2-49E1-A501-CBCB5BB6203C}.Debug|Any CPU.Build.0 = Debug|Any CPU
		{2FB540D3-39F2-49E1-A501-CBCB5BB6203C}.Release|Any CPU.ActiveCfg = Release|Any CPU
		{2FB540D3-39F2-49E1-A501-CBCB5BB6203C}.Release|Any CPU.Build.0 = Release|Any CPU
		{D9C58ADB-61AD-489D-B490-0DDA642F3716}.Debug|Any CPU.ActiveCfg = Debug|Any CPU
		{D9C58ADB-61AD-489D-B490-0DDA642F3716}.Debug|Any CPU.Build.0 = Debug|Any CPU
		{D9C58ADB-61AD-489D-B490-0DDA642F3716}.Release|Any CPU.ActiveCfg = Release|Any CPU
		{D9C58ADB-61AD-489D-B490-0DDA642F3716}.Release|Any CPU.Build.0 = Release|Any CPU
		{6DA506B0-BC48-46FF-8A22-27D6EC1DD1D2}.Debug|Any CPU.ActiveCfg = Debug|Any CPU
		{6DA506B0-BC48-46FF-8A22-27D6EC1DD1D2}.Debug|Any CPU.Build.0 = Debug|Any CPU
		{6DA506B0-BC48-46FF-8A22-27D6EC1DD1D2}.Release|Any CPU.ActiveCfg = Release|Any CPU
		{6DA506B0-BC48-46FF-8A22-27D6EC1DD1D2}.Release|Any CPU.Build.0 = Release|Any CPU
	EndGlobalSection
	GlobalSection(NestedProjects) = preSolution
		{75B75ABE-D843-4EDE-A001-647471688FDC} = {2412B635-3390-4040-8BD3-100C893A98EB}
		{201F6748-AFBC-4694-9247-C8A634E64FB8} = {EADFFA21-3792-4382-99AA-35A9B45054C3}
		{35AFF2FB-4C41-4BE3-BAEB-65E7C4C8D0A6} = {2412B635-3390-4040-8BD3-100C893A98EB}
		{2FB540D3-39F2-49E1-A501-CBCB5BB6203C} = {35AFF2FB-4C41-4BE3-BAEB-65E7C4C8D0A6}
		{D9C58ADB-61AD-489D-B490-0DDA642F3716} = {35AFF2FB-4C41-4BE3-BAEB-65E7C4C8D0A6}
		{6DA506B0-BC48-46FF-8A22-27D6EC1DD1D2} = {35AFF2FB-4C41-4BE3-BAEB-65E7C4C8D0A6}
	EndGlobalSection
EndGlobal
